
Microsoft Visual Studio Solution File, Format Version 12.00
# Visual Studio Version 16
VisualStudioVersion = 16.0.32002.261
MinimumVisualStudioVersion = 10.0.40219.1
Project("{FAE04EC0-301F-11D3-BF4B-00C04F79EFBC}") = "DictionaryProject", "DictionaryProject\DictionaryProject.csproj", "{3A307947-C03E-44BF-8535-2D8E40E5D0CD}"
EndProject
Project("{FAE04EC0-301F-11D3-BF4B-00C04F79EFBC}") = "DataAccessLayer", "DataAccessLayer\DataAccessLayer.csproj", "{C4492A57-97CA-4883-A00C-876887F6D749}"
EndProject
Global
	GlobalSection(SolutionConfigurationPlatforms) = preSolution
		Debug|Any CPU = Debug|Any CPU
		Release|Any CPU = Release|Any CPU
	EndGlobalSection
	GlobalSection(ProjectConfigurationPlatforms) = postSolution
		{3A307947-C03E-44BF-8535-2D8E40E5D0CD}.Debug|Any CPU.ActiveCfg = Debug|Any CPU
		{3A307947-C03E-44BF-8535-2D8E40E5D0CD}.Debug|Any CPU.Build.0 = Debug|Any CPU
		{3A307947-C03E-44BF-8535-2D8E40E5D0CD}.Release|Any CPU.ActiveCfg = Release|Any CPU
		{3A307947-C03E-44BF-8535-2D8E40E5D0CD}.Release|Any CPU.Build.0 = Release|Any CPU
		{C4492A57-97CA-4883-A00C-876887F6D749}.Debug|Any CPU.ActiveCfg = Debug|Any CPU
		{C4492A57-97CA-4883-A00C-876887F6D749}.Debug|Any CPU.Build.0 = Debug|Any CPU
		{C4492A57-97CA-4883-A00C-876887F6D749}.Release|Any CPU.ActiveCfg = Release|Any CPU
		{C4492A57-97CA-4883-A00C-876887F6D749}.Release|Any CPU.Build.0 = Release|Any CPU
	EndGlobalSection
	GlobalSection(SolutionProperties) = preSolution
		HideSolutionNode = FALSE
	EndGlobalSection
	GlobalSection(ExtensibilityGlobals) = postSolution
		SolutionGuid = {FE84BBD7-98F2-47EB-B701-BFE71C10EECF}
	EndGlobalSection
EndGlobal
